{
  "name": "Djikstra em JS",
  "lockfileVersion": 3,
  "requires": true,
  "packages": {
    "": {
      "dependencies": {
        "ascii-graphs": "^1.0.2",
        "graphviz-cli": "^2.0.0"
      }
    },
    "node_modules/@aduh95/viz.js": {
      "version": "3.7.0",
      "resolved": "https://registry.npmjs.org/@aduh95/viz.js/-/viz.js-3.7.0.tgz",
      "integrity": "sha512-20Pk2Z98fbPLkECcrZSJszKos/OgtvJJR3NcbVfgCJ6EQjDNzW2P1BKqImOz3tJ952dvO2DWEhcLhQ1Wz1e9ng==",
      "license": "MIT"
    },
    "node_modules/ascii-graphs": {
      "version": "1.0.2",
      "resolved": "https://registry.npmjs.org/ascii-graphs/-/ascii-graphs-1.0.2.tgz",
      "integrity": "sha512-Apu6+2WnyuXKW5CoMBdtWxrX+gkLCCQVYTSk/w20N9Z8yeXf75RxhHcqQV5WFE06vtyYkvqZmpcgJb83K/qMZQ==",
      "license": "MIT"
    },
    "node_modules/graphviz-cli": {
      "version": "2.0.0",
      "resolved": "https://registry.npmjs.org/graphviz-cli/-/graphviz-cli-2.0.0.tgz",
      "integrity": "sha512-DsjHNZTbH+mhcsMsgVh9xSXcpGX8ve7fn1nDywToFSXsamrfV+EyIpBGiOTqxk+FjEYm1985OQhO5PLw7wk17g==",
      "license": "MIT",
      "dependencies": {
        "@aduh95/viz.js": "3.7.0"
      },
      "bin": {
        "graphviz": "bin/graphviz.cjs"
      },
      "engines": {
        "node": ">=14.8"
      }
    }
  }
}
